{
  "pins" : [
    {
      "identity" : "swift-tree-sitter",
      "kind" : "remoteSourceControl",
      "location" : "https://github.com/tree-sitter/swift-tree-sitter",
      "state" : {
        "revision" : "08ef81eb8620617b55b08868126707ad72bf754f",
        "version" : "0.25.0"
      }
    },
    {
      "identity" : "tree-sitter",
      "kind" : "remoteSourceControl",
      "location" : "https://github.com/tree-sitter/tree-sitter",
      "state" : {
        "revision" : "da6fe9beb4f7f67beb75914ca8e0d48ae48d6406",
        "version" : "0.25.10"
      }
    },
    {
      "identity" : "tree-sitter-agda",
      "kind" : "remoteSourceControl",
      "location" : "https://github.com/tree-sitter/tree-sitter-agda.git",
      "state" : {
        "branch" : "master",
        "revision" : "e8d47a6987effe34d5595baf321d82d3519a8527"
      }
    },
    {
      "identity" : "tree-sitter-bash",
      "kind" : "remoteSourceControl",
      "location" : "https://github.com/tree-sitter/tree-sitter-bash.git",
      "state" : {
        "branch" : "master",
        "revision" : "a06c2e4415e9bc0346c6b86d401879ffb44058f7"
      }
    },
    {
      "identity" : "tree-sitter-c",
      "kind" : "remoteSourceControl",
      "location" : "https://github.com/zxss702/tree-sitter-c.git",
      "state" : {
        "branch" : "main",
        "revision" : "fa50410414e6266cd8f8c91627c061d940731703"
      }
    },
    {
      "identity" : "tree-sitter-c-sharp",
      "kind" : "remoteSourceControl",
      "location" : "https://github.com/tree-sitter/tree-sitter-c-sharp.git",
      "state" : {
        "branch" : "master",
        "revision" : "88366631d598ce6595ec655ce1591b315cffb14c"
      }
    },
    {
      "identity" : "tree-sitter-cpp",
      "kind" : "remoteSourceControl",
      "location" : "https://github.com/tree-sitter/tree-sitter-cpp.git",
      "state" : {
        "branch" : "master",
        "revision" : "8b5b49eb196bec7040441bee33b2c9a4838d6967"
      }
    },
    {
      "identity" : "tree-sitter-css",
      "kind" : "remoteSourceControl",
      "location" : "https://github.com/zxss702/tree-sitter-css.git",
      "state" : {
        "branch" : "master",
        "revision" : "dda5cfc5722c429eaba1c910ca32c2c0c5bb1a3f"
      }
    },
    {
      "identity" : "tree-sitter-dart",
      "kind" : "remoteSourceControl",
      "location" : "https://github.com/UserNobody14/tree-sitter-dart.git",
      "state" : {
        "branch" : "master",
        "revision" : "81638dbbdb76a0e88ea8c31b95ec76b9625ddb84"
      }
    },
    {
      "identity" : "tree-sitter-dockerfile",
      "kind" : "remoteSourceControl",
      "location" : "https://github.com/camdencheek/tree-sitter-dockerfile.git",
      "state" : {
        "branch" : "main",
        "revision" : "971acdd908568b4531b0ba28a445bf0bb720aba5"
      }
    },
    {
      "identity" : "tree-sitter-elixir",
      "kind" : "remoteSourceControl",
      "location" : "https://github.com/elixir-lang/tree-sitter-elixir.git",
      "state" : {
        "branch" : "main",
        "revision" : "d24cecee673c4c770f797bac6f87ae4b6d7ddec5"
      }
    },
    {
      "identity" : "tree-sitter-go",
      "kind" : "remoteSourceControl",
      "location" : "https://github.com/tree-sitter/tree-sitter-go.git",
      "state" : {
        "branch" : "master",
        "revision" : "2346a3ab1bb3857b48b29d779a1ef9799a248cd7"
      }
    },
    {
      "identity" : "tree-sitter-go-mod",
      "kind" : "remoteSourceControl",
      "location" : "https://github.com/camdencheek/tree-sitter-go-mod.git",
      "state" : {
        "branch" : "main",
        "revision" : "2e886870578eeba1927a2dc4bd2e2b3f598c5f9a"
      }
    },
    {
      "identity" : "tree-sitter-haskell",
      "kind" : "remoteSourceControl",
      "location" : "https://github.com/tree-sitter/tree-sitter-haskell.git",
      "state" : {
        "branch" : "master",
        "revision" : "0975ef72fc3c47b530309ca93937d7d143523628"
      }
    },
    {
      "identity" : "tree-sitter-html",
      "kind" : "remoteSourceControl",
      "location" : "https://github.com/tree-sitter/tree-sitter-html.git",
      "state" : {
        "branch" : "master",
        "revision" : "73a3947324f6efddf9e17c0ea58d454843590cc0"
      }
    },
    {
      "identity" : "tree-sitter-java",
      "kind" : "remoteSourceControl",
      "location" : "https://github.com/tree-sitter/tree-sitter-java.git",
      "state" : {
        "branch" : "master",
        "revision" : "e10607b45ff745f5f876bfa3e94fbcc6b44bdc11"
      }
    },
    {
      "identity" : "tree-sitter-javascript",
      "kind" : "remoteSourceControl",
      "location" : "https://github.com/zxss702/tree-sitter-javascript",
      "state" : {
        "branch" : "master",
        "revision" : "58404d8cf191d69f2674a8fd507bd5776f46cb11"
      }
    },
    {
      "identity" : "tree-sitter-jsdoc",
      "kind" : "remoteSourceControl",
      "location" : "https://github.com/zxss702/tree-sitter-jsdoc.git",
      "state" : {
        "branch" : "master",
        "revision" : "658d18dcdddb75c760363faa4963427a7c6b52db"
      }
    },
    {
      "identity" : "tree-sitter-json",
      "kind" : "remoteSourceControl",
      "location" : "https://github.com/tree-sitter/tree-sitter-json.git",
      "state" : {
        "branch" : "master",
        "revision" : "001c28d7a29832b06b0e831ec77845553c89b56d"
      }
    },
    {
      "identity" : "tree-sitter-julia",
      "kind" : "remoteSourceControl",
      "location" : "https://github.com/zxss702/tree-sitter-julia.git",
      "state" : {
        "branch" : "master",
        "revision" : "e0f9dcd180fdcfcfa8d79a3531e11d99e79321d3"
      }
    },
    {
      "identity" : "tree-sitter-kotlin",
      "kind" : "remoteSourceControl",
      "location" : "https://github.com/fwcd/tree-sitter-kotlin",
      "state" : {
        "branch" : "main",
        "revision" : "c10ad83a66c76855e006496db3bdb002afc49203"
      }
    },
    {
      "identity" : "tree-sitter-lua",
      "kind" : "remoteSourceControl",
      "location" : "https://github.com/tree-sitter-grammars/tree-sitter-lua",
      "state" : {
        "branch" : "main",
        "revision" : "10fe0054734eec83049514ea2e718b2a56acd0c9"
      }
    },
    {
      "identity" : "tree-sitter-markdown",
      "kind" : "remoteSourceControl",
      "location" : "https://github.com/tree-sitter-grammars/tree-sitter-markdown",
      "state" : {
        "branch" : "split_parser",
        "revision" : "f969cd3ae3f9fbd4e43205431d0ae286014c05b5"
      }
    },
    {
      "identity" : "tree-sitter-objc",
      "kind" : "remoteSourceControl",
      "location" : "https://github.com/tree-sitter-grammars/tree-sitter-objc",
      "state" : {
        "branch" : "master",
        "revision" : "181a81b8f23a2d593e7ab4259981f50122909fda"
      }
    },
    {
      "identity" : "tree-sitter-ocaml",
      "kind" : "remoteSourceControl",
      "location" : "https://github.com/tree-sitter/tree-sitter-ocaml.git",
      "state" : {
        "branch" : "master",
        "revision" : "3ef7c00b29e41e3a0c1d18e82ea37c64d72b93fc"
      }
    },
    {
      "identity" : "tree-sitter-perl",
      "kind" : "remoteSourceControl",
      "location" : "https://github.com/ganezdragon/tree-sitter-perl.git",
      "state" : {
        "branch" : "master",
        "revision" : "973ea86be2a8d2db37a8a09155302ff4983fe876"
      }
    },
    {
      "identity" : "tree-sitter-php",
      "kind" : "remoteSourceControl",
      "location" : "https://github.com/tree-sitter/tree-sitter-php.git",
      "state" : {
        "branch" : "master",
        "revision" : "015ce839db5ae9ceda763bf12e071867fbe8cc89"
      }
    },
    {
      "identity" : "tree-sitter-python",
      "kind" : "remoteSourceControl",
      "location" : "https://github.com/tree-sitter/tree-sitter-python.git",
      "state" : {
        "branch" : "master",
        "revision" : "26855eabccb19c6abf499fbc5b8dc7cc9ab8bc64"
      }
    },
    {
      "identity" : "tree-sitter-regex",
      "kind" : "remoteSourceControl",
      "location" : "https://github.com/tree-sitter/tree-sitter-regex.git",
      "state" : {
        "branch" : "master",
        "revision" : "b2ac15e27fce703d2f37a79ccd94a5c0cbe9720b"
      }
    },
    {
      "identity" : "tree-sitter-ruby",
      "kind" : "remoteSourceControl",
      "location" : "https://github.com/tree-sitter/tree-sitter-ruby.git",
      "state" : {
        "branch" : "master",
        "revision" : "ab6dca77a8184abc94af6e3e82538741b5078d63"
      }
    },
    {
      "identity" : "tree-sitter-rust",
      "kind" : "remoteSourceControl",
      "location" : "https://github.com/tree-sitter/tree-sitter-rust.git",
      "state" : {
        "branch" : "master",
        "revision" : "261b20226c04ef601adbdf185a800512a5f66291"
      }
    },
    {
      "identity" : "tree-sitter-scala",
      "kind" : "remoteSourceControl",
      "location" : "https://github.com/tree-sitter/tree-sitter-scala.git",
      "state" : {
        "branch" : "master",
        "revision" : "97aead18d97708190a51d4f551ea9b05b60641c9"
      }
    },
    {
      "identity" : "tree-sitter-sql",
      "kind" : "remoteSourceControl",
      "location" : "https://github.com/DerekStride/tree-sitter-sql.git",
      "state" : {
        "branch" : "gh-pages",
        "revision" : "851e9cb257ba7c66cc8c14214a31c44d2f1e954e"
      }
    },
    {
      "identity" : "tree-sitter-swift",
      "kind" : "remoteSourceControl",
      "location" : "https://github.com/alex-pinkus/tree-sitter-swift.git",
      "state" : {
        "branch" : "with-generated-files",
        "revision" : "190aedc3042a2a1fcc17838eb05b2b2f2c0b7880"
      }
    },
    {
      "identity" : "tree-sitter-toml",
      "kind" : "remoteSourceControl",
      "location" : "https://github.com/cengelbart39/tree-sitter-toml.git",
      "state" : {
        "branch" : "feature/spm",
        "revision" : "28db724e8e30920638b46d408c0fbac007ac6a62"
      }
    },
    {
      "identity" : "tree-sitter-typescript",
      "kind" : "remoteSourceControl",
      "location" : "https://github.com/tree-sitter/tree-sitter-typescript.git",
      "state" : {
        "branch" : "master",
        "revision" : "75b3874edb2dc714fb1fd77a32013d0f8699989f"
      }
    },
    {
      "identity" : "tree-sitter-verilog",
      "kind" : "remoteSourceControl",
      "location" : "https://github.com/tree-sitter/tree-sitter-verilog.git",
      "state" : {
        "branch" : "master",
        "revision" : "227d277b6a1a5e2bf818d6206935722a7503de08"
      }
    },
    {
      "identity" : "tree-sitter-yaml",
      "kind" : "remoteSourceControl",
      "location" : "https://github.com/tree-sitter-grammars/tree-sitter-yaml.git",
      "state" : {
        "branch" : "master",
        "revision" : "4463985dfccc640f3d6991e3396a2047610cf5f8"
      }
    },
    {
      "identity" : "tree-sitter-zig",
      "kind" : "remoteSourceControl",
      "location" : "https://github.com/tree-sitter-grammars/tree-sitter-zig.git",
      "state" : {
        "revision" : "b670c8df85a1568f498aa5c8cae42f51a90473c0",
        "version" : "1.1.2"
      }
    }
  ],
  "version" : 2
}
